
Microsoft Visual Studio Solution File, Format Version 12.00
# Visual Studio Version 17
VisualStudioVersion = 17.14.36414.22
MinimumVisualStudioVersion = 10.0.40219.1
Project("{8BC9CEB8-8B4A-11D0-8D11-00A0C91BC942}") = "WinsockServer", "IOCP\WinsockServer\WinsockServer.vcxproj", "{54F4E8EB-FB24-4745-9080-75F8C6C404FF}"
EndProject
Project("{8BC9CEB8-8B4A-11D0-8D11-00A0C91BC942}") = "WinsockClient", "IOCP\WinsockClient\WinsockClient.vcxproj", "{0BE1F3ED-C0D1-4F35-80D9-D285B126B4DB}"
EndProject
Global
	GlobalSection(SolutionConfigurationPlatforms) = preSolution
		Debug|x64 = Debug|x64
		Debug|x86 = Debug|x86
		Release|x64 = Release|x64
		Release|x86 = Release|x86
	EndGlobalSection
	GlobalSection(ProjectConfigurationPlatforms) = postSolution
		{54F4E8EB-FB24-4745-9080-75F8C6C404FF}.Debug|x64.ActiveCfg = Debug|x64
		{54F4E8EB-FB24-4745-9080-75F8C6C404FF}.Debug|x64.Build.0 = Debug|x64
		{54F4E8EB-FB24-4745-9080-75F8C6C404FF}.Debug|x86.ActiveCfg = Debug|Win32
		{54F4E8EB-FB24-4745-9080-75F8C6C404FF}.Debug|x86.Build.0 = Debug|Win32
		{54F4E8EB-FB24-4745-9080-75F8C6C404FF}.Release|x64.ActiveCfg = Release|x64
		{54F4E8EB-FB24-4745-9080-75F8C6C404FF}.Release|x64.Build.0 = Release|x64
		{54F4E8EB-FB24-4745-9080-75F8C6C404FF}.Release|x86.ActiveCfg = Release|Win32
		{54F4E8EB-FB24-4745-9080-75F8C6C404FF}.Release|x86.Build.0 = Release|Win32
		{0BE1F3ED-C0D1-4F35-80D9-D285B126B4DB}.Debug|x64.ActiveCfg = Debug|x64
		{0BE1F3ED-C0D1-4F35-80D9-D285B126B4DB}.Debug|x64.Build.0 = Debug|x64
		{0BE1F3ED-C0D1-4F35-80D9-D285B126B4DB}.Debug|x86.ActiveCfg = Debug|Win32
		{0BE1F3ED-C0D1-4F35-80D9-D285B126B4DB}.Debug|x86.Build.0 = Debug|Win32
		{0BE1F3ED-C0D1-4F35-80D9-D285B126B4DB}.Release|x64.ActiveCfg = Release|x64
		{0BE1F3ED-C0D1-4F35-80D9-D285B126B4DB}.Release|x64.Build.0 = Release|x64
		{0BE1F3ED-C0D1-4F35-80D9-D285B126B4DB}.Release|x86.ActiveCfg = Release|Win32
		{0BE1F3ED-C0D1-4F35-80D9-D285B126B4DB}.Release|x86.Build.0 = Release|Win32
	EndGlobalSection
	GlobalSection(SolutionProperties) = preSolution
		HideSolutionNode = FALSE
	EndGlobalSection
	GlobalSection(ExtensibilityGlobals) = postSolution
		SolutionGuid = {4F6EC831-3787-458C-B916-B6891B554C04}
	EndGlobalSection
EndGlobal
